
Microsoft Visual Studio Solution File, Format Version 10.00
# Visual Studio 2008
Project("{FAE04EC0-301F-11D3-BF4B-00C04F79EFBC}") = "ACV", "ACV\ACV.csproj", "{8DFC3555-62FC-48FD-B62F-602037C468E1}"
EndProject
Global
	GlobalSection(SolutionConfigurationPlatforms) = preSolution
		Debug|Zune = Debug|Zune
		Release|Zune = Release|Zune
	EndGlobalSection
	GlobalSection(ProjectConfigurationPlatforms) = postSolution
		{8DFC3555-62FC-48FD-B62F-602037C468E1}.Debug|Zune.ActiveCfg = Debug|Zune
		{8DFC3555-62FC-48FD-B62F-602037C468E1}.Debug|Zune.Build.0 = Debug|Zune
		{8DFC3555-62FC-48FD-B62F-602037C468E1}.Debug|Zune.Deploy.0 = Debug|Zune
		{8DFC3555-62FC-48FD-B62F-602037C468E1}.Release|Zune.ActiveCfg = Release|Zune
		{8DFC3555-62FC-48FD-B62F-602037C468E1}.Release|Zune.Build.0 = Release|Zune
		{8DFC3555-62FC-48FD-B62F-602037C468E1}.Release|Zune.Deploy.0 = Release|Zune
		{314263DE-5A2D-49E8-9516-94DA83C7B719}.Debug|Zune.ActiveCfg = Debug|Zune
		{314263DE-5A2D-49E8-9516-94DA83C7B719}.Release|Zune.ActiveCfg = Release|Zune
	EndGlobalSection
	GlobalSection(SolutionProperties) = preSolution
		HideSolutionNode = FALSE
	EndGlobalSection
EndGlobal
